// !$*UTF8*$!
{
	archiveVersion = 1;
	classes = {
	};
	objectVersion = 50;
	objects = {

/* Begin PBXBuildFile section */
		33A93A9D24700A82008971C8 /* AppDelegate.swift in Sources */ = {isa = PBXBuildFile; fileRef = 33A93A9C24700A82008971C8 /* AppDelegate.swift */; };
		33A93A9F24700A82008971C8 /* SceneDelegate.swift in Sources */ = {isa = PBXBuildFile; fileRef = 33A93A9E24700A82008971C8 /* SceneDelegate.swift */; };
		33A93AA124700A82008971C8 /* ViewController.swift in Sources */ = {isa = PBXBuildFile; fileRef = 33A93AA024700A82008971C8 /* ViewController.swift */; };
		33A93AA424700A82008971C8 /* Main.storyboard in Resources */ = {isa = PBXBuildFile; fileRef = 33A93AA224700A82008971C8 /* Main.storyboard */; };
		33A93AA624700A88008971C8 /* Assets.xcassets in Resources */ = {isa = PBXBuildFile; fileRef = 33A93AA524700A88008971C8 /* Assets.xcassets */; };
		33A93AA924700A88008971C8 /* LaunchScreen.storyboard in Resources */ = {isa = PBXBuildFile; fileRef = 33A93AA724700A88008971C8 /* LaunchScreen.storyboard */; };
		33A93AB424700A88008971C8 /* TechMonTests.swift in Sources */ = {isa = PBXBuildFile; fileRef = 33A93AB324700A88008971C8 /* TechMonTests.swift */; };
		33A93ABF24700A88008971C8 /* TechMonUITests.swift in Sources */ = {isa = PBXBuildFile; fileRef = 33A93ABE24700A88008971C8 /* TechMonUITests.swift */; };
		33A93AE824700B2A008971C8 /* lobby.png in Resources */ = {isa = PBXBuildFile; fileRef = 33A93ACF24700B2A008971C8 /* lobby.png */; };
		33A93AE924700B2A008971C8 /* battlebg.png in Resources */ = {isa = PBXBuildFile; fileRef = 33A93AD024700B2A008971C8 /* battlebg.png */; };
		33A93AEA24700B2A008971C8 /* bgimage.jpg in Resources */ = {isa = PBXBuildFile; fileRef = 33A93AD124700B2A008971C8 /* bgimage.jpg */; };
		33A93AEC24700B2A008971C8 /* waku.png in Resources */ = {isa = PBXBuildFile; fileRef = 33A93AD324700B2A008971C8 /* waku.png */; };
		33A93AED24700B2A008971C8 /* gold_button.png in Resources */ = {isa = PBXBuildFile; fileRef = 33A93AD424700B2A008971C8 /* gold_button.png */; };
		33A93AEE24700B2A008971C8 /* yusya.png in Resources */ = {isa = PBXBuildFile; fileRef = 33A93AD524700B2A008971C8 /* yusya.png */; };
		33A93AEF24700B2A008971C8 /* monster.png in Resources */ = {isa = PBXBuildFile; fileRef = 33A93AD624700B2A008971C8 /* monster.png */; };
		33A93AF124700B2A008971C8 /* TechMonManager.swift in Sources */ = {isa = PBXBuildFile; fileRef = 33A93AD924700B2A008971C8 /* TechMonManager.swift */; };
		33A93AF224700B2A008971C8 /* Character.swift in Sources */ = {isa = PBXBuildFile; fileRef = 33A93ADA24700B2A008971C8 /* Character.swift */; };
		33A93AF324700B2A008971C8 /* SE_fanfare.mp3 in Resources */ = {isa = PBXBuildFile; fileRef = 33A93ADC24700B2A008971C8 /* SE_fanfare.mp3 */; };
		33A93AF424700B2A008971C8 /* BGM_battle001.mp3 in Resources */ = {isa = PBXBuildFile; fileRef = 33A93ADD24700B2A008971C8 /* BGM_battle001.mp3 */; };
		33A93AF624700B2A008971C8 /* SE_fire.mp3 in Resources */ = {isa = PBXBuildFile; fileRef = 33A93ADF24700B2A008971C8 /* SE_fire.mp3 */; };
		33A93AF724700B2A008971C8 /* SE_attack.mp3 in Resources */ = {isa = PBXBuildFile; fileRef = 33A93AE024700B2A008971C8 /* SE_attack.mp3 */; };
		33A93AF824700B2A008971C8 /* SE_gameover.mp3 in Resources */ = {isa = PBXBuildFile; fileRef = 33A93AE124700B2A008971C8 /* SE_gameover.mp3 */; };
		33A93AF924700B2A008971C8 /* SE_charge.mp3 in Resources */ = {isa = PBXBuildFile; fileRef = 33A93AE224700B2A008971C8 /* SE_charge.mp3 */; };
		33A93AFA24700B2A008971C8 /* lobby.mp3 in Resources */ = {isa = PBXBuildFile; fileRef = 33A93AE324700B2A008971C8 /* lobby.mp3 */; };
		33A93AFC24700B2A008971C8 /* misaki_gothic.ttf in Resources */ = {isa = PBXBuildFile; fileRef = 33A93AE624700B2A008971C8 /* misaki_gothic.ttf */; };
		33A93AFE24700F08008971C8 /* LobbyViewController.swift in Sources */ = {isa = PBXBuildFile; fileRef = 33A93AFD24700F08008971C8 /* LobbyViewController.swift */; };
		33A93B0024700F23008971C8 /* BattleViewController.swift in Sources */ = {isa = PBXBuildFile; fileRef = 33A93AFF24700F23008971C8 /* BattleViewController.swift */; };
/* End PBXBuildFile section */

/* Begin PBXContainerItemProxy section */
		33A93AB024700A88008971C8 /* PBXContainerItemProxy */ = {
			isa = PBXContainerItemProxy;
			containerPortal = 33A93A9124700A82008971C8 /* Project object */;
			proxyType = 1;
			remoteGlobalIDString = 33A93A9824700A82008971C8;
			remoteInfo = TechMon;
		};
		33A93ABB24700A88008971C8 /* PBXContainerItemProxy */ = {
			isa = PBXContainerItemProxy;
			containerPortal = 33A93A9124700A82008971C8 /* Project object */;
			proxyType = 1;
			remoteGlobalIDString = 33A93A9824700A82008971C8;
			remoteInfo = TechMon;
		};
/* End PBXContainerItemProxy section */

/* Begin PBXFileReference section */
		33A93A9924700A82008971C8 /* TechMon.app */ = {isa = PBXFileReference; explicitFileType = wrapper.application; includeInIndex = 0; path = TechMon.app; sourceTree = BUILT_PRODUCTS_DIR; };
		33A93A9C24700A82008971C8 /* AppDelegate.swift */ = {isa = PBXFileReference; lastKnownFileType = sourcecode.swift; path = AppDelegate.swift; sourceTree = "<group>"; };
		33A93A9E24700A82008971C8 /* SceneDelegate.swift */ = {isa = PBXFileReference; lastKnownFileType = sourcecode.swift; path = SceneDelegate.swift; sourceTree = "<group>"; };
		33A93AA024700A82008971C8 /* ViewController.swift */ = {isa = PBXFileReference; lastKnownFileType = sourcecode.swift; path = ViewController.swift; sourceTree = "<group>"; };
		33A93AA324700A82008971C8 /* Base */ = {isa = PBXFileReference; lastKnownFileType = file.storyboard; name = Base; path = Base.lproj/Main.storyboard; sourceTree = "<group>"; };
		33A93AA524700A88008971C8 /* Assets.xcassets */ = {isa = PBXFileReference; lastKnownFileType = folder.assetcatalog; path = Assets.xcassets; sourceTree = "<group>"; };
		33A93AA824700A88008971C8 /* Base */ = {isa = PBXFileReference; lastKnownFileType = file.storyboard; name = Base; path = Base.lproj/LaunchScreen.storyboard; sourceTree = "<group>"; };
		33A93AAA24700A88008971C8 /* Info.plist */ = {isa = PBXFileReference; lastKnownFileType = text.plist.xml; path = Info.plist; sourceTree = "<group>"; };
		33A93AAF24700A88008971C8 /* TechMonTests.xctest */ = {isa = PBXFileReference; explicitFileType = wrapper.cfbundle; includeInIndex = 0; path = TechMonTests.xctest; sourceTree = BUILT_PRODUCTS_DIR; };
		33A93AB324700A88008971C8 /* TechMonTests.swift */ = {isa = PBXFileReference; lastKnownFileType = sourcecode.swift; path = TechMonTests.swift; sourceTree = "<group>"; };
		33A93AB524700A88008971C8 /* Info.plist */ = {isa = PBXFileReference; lastKnownFileType = text.plist.xml; path = Info.plist; sourceTree = "<group>"; };
		33A93ABA24700A88008971C8 /* TechMonUITests.xctest */ = {isa = PBXFileReference; explicitFileType = wrapper.cfbundle; includeInIndex = 0; path = TechMonUITests.xctest; sourceTree = BUILT_PRODUCTS_DIR; };
		33A93ABE24700A88008971C8 /* TechMonUITests.swift */ = {isa = PBXFileReference; lastKnownFileType = sourcecode.swift; path = TechMonUITests.swift; sourceTree = "<group>"; };
		33A93AC024700A88008971C8 /* Info.plist */ = {isa = PBXFileReference; lastKnownFileType = text.plist.xml; path = Info.plist; sourceTree = "<group>"; };
		33A93ACF24700B2A008971C8 /* lobby.png */ = {isa = PBXFileReference; lastKnownFileType = image.png; path = lobby.png; sourceTree = "<group>"; };
		33A93AD024700B2A008971C8 /* battlebg.png */ = {isa = PBXFileReference; lastKnownFileType = image.png; path = battlebg.png; sourceTree = "<group>"; };
		33A93AD124700B2A008971C8 /* bgimage.jpg */ = {isa = PBXFileReference; lastKnownFileType = image.jpeg; path = bgimage.jpg; sourceTree = "<group>"; };
		33A93AD324700B2A008971C8 /* waku.png */ = {isa = PBXFileReference; lastKnownFileType = image.png; path = waku.png; sourceTree = "<group>"; };
		33A93AD424700B2A008971C8 /* gold_button.png */ = {isa = PBXFileReference; lastKnownFileType = image.png; path = gold_button.png; sourceTree = "<group>"; };
		33A93AD524700B2A008971C8 /* yusya.png */ = {isa = PBXFileReference; lastKnownFileType = image.png; path = yusya.png; sourceTree = "<group>"; };
		33A93AD624700B2A008971C8 /* monster.png */ = {isa = PBXFileReference; lastKnownFileType = image.png; path = monster.png; sourceTree = "<group>"; };
		33A93AD924700B2A008971C8 /* TechMonManager.swift */ = {isa = PBXFileReference; fileEncoding = 4; lastKnownFileType = sourcecode.swift; path = TechMonManager.swift; sourceTree = "<group>"; };
		33A93ADA24700B2A008971C8 /* Character.swift */ = {isa = PBXFileReference; fileEncoding = 4; lastKnownFileType = sourcecode.swift; path = Character.swift; sourceTree = "<group>"; };
		33A93ADC24700B2A008971C8 /* SE_fanfare.mp3 */ = {isa = PBXFileReference; lastKnownFileType = audio.mp3; path = SE_fanfare.mp3; sourceTree = "<group>"; };
		33A93ADD24700B2A008971C8 /* BGM_battle001.mp3 */ = {isa = PBXFileReference; lastKnownFileType = audio.mp3; path = BGM_battle001.mp3; sourceTree = "<group>"; };
		33A93ADF24700B2A008971C8 /* SE_fire.mp3 */ = {isa = PBXFileReference; lastKnownFileType = audio.mp3; path = SE_fire.mp3; sourceTree = "<group>"; };
		33A93AE024700B2A008971C8 /* SE_attack.mp3 */ = {isa = PBXFileReference; lastKnownFileType = audio.mp3; path = SE_attack.mp3; sourceTree = "<group>"; };
		33A93AE124700B2A008971C8 /* SE_gameover.mp3 */ = {isa = PBXFileReference; lastKnownFileType = audio.mp3; path = SE_gameover.mp3; sourceTree = "<group>"; };
		33A93AE224700B2A008971C8 /* SE_charge.mp3 */ = {isa = PBXFileReference; lastKnownFileType = audio.mp3; path = SE_charge.mp3; sourceTree = "<group>"; };
		33A93AE324700B2A008971C8 /* lobby.mp3 */ = {isa = PBXFileReference; lastKnownFileType = audio.mp3; path = lobby.mp3; sourceTree = "<group>"; };
		33A93AE624700B2A008971C8 /* misaki_gothic.ttf */ = {isa = PBXFileReference; lastKnownFileType = file; path = misaki_gothic.ttf; sourceTree = "<group>"; };
		33A93AFD24700F08008971C8 /* LobbyViewController.swift */ = {isa = PBXFileReference; lastKnownFileType = sourcecode.swift; path = LobbyViewController.swift; sourceTree = "<group>"; };
		33A93AFF24700F23008971C8 /* BattleViewController.swift */ = {isa = PBXFileReference; lastKnownFileType = sourcecode.swift; path = BattleViewController.swift; sourceTree = "<group>"; };
/* End PBXFileReference section */

/* Begin PBXFrameworksBuildPhase section */
		33A93A9624700A82008971C8 /* Frameworks */ = {
			isa = PBXFrameworksBuildPhase;
			buildActionMask = 2147483647;
			files = (
			);
			runOnlyForDeploymentPostprocessing = 0;
		};
		33A93AAC24700A88008971C8 /* Frameworks */ = {
			isa = PBXFrameworksBuildPhase;
			buildActionMask = 2147483647;
			files = (
			);
			runOnlyForDeploymentPostprocessing = 0;
		};
		33A93AB724700A88008971C8 /* Frameworks */ = {
			isa = PBXFrameworksBuildPhase;
			buildActionMask = 2147483647;
			files = (
			);
			runOnlyForDeploymentPostprocessing = 0;
		};
/* End PBXFrameworksBuildPhase section */

/* Begin PBXGroup section */
		33A93A9024700A82008971C8 = {
			isa = PBXGroup;
			children = (
				33A93A9B24700A82008971C8 /* TechMon */,
				33A93AB224700A88008971C8 /* TechMonTests */,
				33A93ABD24700A88008971C8 /* TechMonUITests */,
				33A93A9A24700A82008971C8 /* Products */,
			);
			sourceTree = "<group>";
		};
		33A93A9A24700A82008971C8 /* Products */ = {
			isa = PBXGroup;
			children = (
				33A93A9924700A82008971C8 /* TechMon.app */,
				33A93AAF24700A88008971C8 /* TechMonTests.xctest */,
				33A93ABA24700A88008971C8 /* TechMonUITests.xctest */,
			);
			name = Products;
			sourceTree = "<group>";
		};
		33A93A9B24700A82008971C8 /* TechMon */ = {
			isa = PBXGroup;
			children = (
				33A93A9C24700A82008971C8 /* AppDelegate.swift */,
				33A93A9E24700A82008971C8 /* SceneDelegate.swift */,
				33A93AA024700A82008971C8 /* ViewController.swift */,
				33A93AA224700A82008971C8 /* Main.storyboard */,
				33A93AA524700A88008971C8 /* Assets.xcassets */,
				33A93ACC24700B2A008971C8 /* TechMon_Resource */,
				33A93AA724700A88008971C8 /* LaunchScreen.storyboard */,
				33A93AAA24700A88008971C8 /* Info.plist */,
				33A93AFD24700F08008971C8 /* LobbyViewController.swift */,
				33A93AFF24700F23008971C8 /* BattleViewController.swift */,
			);
			path = TechMon;
			sourceTree = "<group>";
		};
		33A93AB224700A88008971C8 /* TechMonTests */ = {
			isa = PBXGroup;
			children = (
				33A93AB324700A88008971C8 /* TechMonTests.swift */,
				33A93AB524700A88008971C8 /* Info.plist */,
			);
			path = TechMonTests;
			sourceTree = "<group>";
		};
		33A93ABD24700A88008971C8 /* TechMonUITests */ = {
			isa = PBXGroup;
			children = (
				33A93ABE24700A88008971C8 /* TechMonUITests.swift */,
				33A93AC024700A88008971C8 /* Info.plist */,
			);
			path = TechMonUITests;
			sourceTree = "<group>";
		};
		33A93ACC24700B2A008971C8 /* TechMon_Resource */ = {
			isa = PBXGroup;
			children = (
				33A93ACE24700B2A008971C8 /* Images */,
				33A93AD724700B2A008971C8 /* Models */,
				33A93ADB24700B2A008971C8 /* Sounds */,
				33A93AE424700B2A008971C8 /* Fonts */,
			);
			path = TechMon_Resource;
			sourceTree = "<group>";
		};
		33A93ACE24700B2A008971C8 /* Images */ = {
			isa = PBXGroup;
			children = (
				33A93ACF24700B2A008971C8 /* lobby.png */,
				33A93AD024700B2A008971C8 /* battlebg.png */,
				33A93AD124700B2A008971C8 /* bgimage.jpg */,
				33A93AD324700B2A008971C8 /* waku.png */,
				33A93AD424700B2A008971C8 /* gold_button.png */,
				33A93AD524700B2A008971C8 /* yusya.png */,
				33A93AD624700B2A008971C8 /* monster.png */,
			);
			path = Images;
			sourceTree = "<group>";
		};
		33A93AD724700B2A008971C8 /* Models */ = {
			isa = PBXGroup;
			children = (
				33A93AD924700B2A008971C8 /* TechMonManager.swift */,
				33A93ADA24700B2A008971C8 /* Character.swift */,
			);
			path = Models;
			sourceTree = "<group>";
		};
		33A93ADB24700B2A008971C8 /* Sounds */ = {
			isa = PBXGroup;
			children = (
				33A93ADC24700B2A008971C8 /* SE_fanfare.mp3 */,
				33A93ADD24700B2A008971C8 /* BGM_battle001.mp3 */,
				33A93ADF24700B2A008971C8 /* SE_fire.mp3 */,
				33A93AE024700B2A008971C8 /* SE_attack.mp3 */,
				33A93AE124700B2A008971C8 /* SE_gameover.mp3 */,
				33A93AE224700B2A008971C8 /* SE_charge.mp3 */,
				33A93AE324700B2A008971C8 /* lobby.mp3 */,
			);
			path = Sounds;
			sourceTree = "<group>";
		};
		33A93AE424700B2A008971C8 /* Fonts */ = {
			isa = PBXGroup;
			children = (
				33A93AE624700B2A008971C8 /* misaki_gothic.ttf */,
			);
			path = Fonts;
			sourceTree = "<group>";
		};
/* End PBXGroup section */

/* Begin PBXNativeTarget section */
		33A93A9824700A82008971C8 /* TechMon */ = {
			isa = PBXNativeTarget;
			buildConfigurationList = 33A93AC324700A88008971C8 /* Build configuration list for PBXNativeTarget "TechMon" */;
			buildPhases = (
				33A93A9524700A82008971C8 /* Sources */,
				33A93A9624700A82008971C8 /* Frameworks */,
				33A93A9724700A82008971C8 /* Resources */,
			);
			buildRules = (
			);
			dependencies = (
			);
			name = TechMon;
			productName = TechMon;
			productReference = 33A93A9924700A82008971C8 /* TechMon.app */;
			productType = "com.apple.product-type.application";
		};
		33A93AAE24700A88008971C8 /* TechMonTests */ = {
			isa = PBXNativeTarget;
			buildConfigurationList = 33A93AC624700A88008971C8 /* Build configuration list for PBXNativeTarget "TechMonTests" */;
			buildPhases = (
				33A93AAB24700A88008971C8 /* Sources */,
				33A93AAC24700A88008971C8 /* Frameworks */,
				33A93AAD24700A88008971C8 /* Resources */,
			);
			buildRules = (
			);
			dependencies = (
				33A93AB124700A88008971C8 /* PBXTargetDependency */,
			);
			name = TechMonTests;
			productName = TechMonTests;
			productReference = 33A93AAF24700A88008971C8 /* TechMonTests.xctest */;
			productType = "com.apple.product-type.bundle.unit-test";
		};
		33A93AB924700A88008971C8 /* TechMonUITests */ = {
			isa = PBXNativeTarget;
			buildConfigurationList = 33A93AC924700A88008971C8 /* Build configuration list for PBXNativeTarget "TechMonUITests" */;
			buildPhases = (
				33A93AB624700A88008971C8 /* Sources */,
				33A93AB724700A88008971C8 /* Frameworks */,
				33A93AB824700A88008971C8 /* Resources */,
			);
			buildRules = (
			);
			dependencies = (
				33A93ABC24700A88008971C8 /* PBXTargetDependency */,
			);
			name = TechMonUITests;
			productName = TechMonUITests;
			productReference = 33A93ABA24700A88008971C8 /* TechMonUITests.xctest */;
			productType = "com.apple.product-type.bundle.ui-testing";
		};
/* End PBXNativeTarget section */

/* Begin PBXProject section */
		33A93A9124700A82008971C8 /* Project object */ = {
			isa = PBXProject;
			attributes = {
				LastSwiftUpdateCheck = 1140;
				LastUpgradeCheck = 1140;
				ORGANIZATIONNAME = com.litech;
				TargetAttributes = {
					33A93A9824700A82008971C8 = {
						CreatedOnToolsVersion = 11.4.1;
					};
					33A93AAE24700A88008971C8 = {
						CreatedOnToolsVersion = 11.4.1;
						TestTargetID = 33A93A9824700A82008971C8;
					};
					33A93AB924700A88008971C8 = {
						CreatedOnToolsVersion = 11.4.1;
						TestTargetID = 33A93A9824700A82008971C8;
					};
				};
			};
			buildConfigurationList = 33A93A9424700A82008971C8 /* Build configuration list for PBXProject "TechMon" */;
			compatibilityVersion = "Xcode 9.3";
			developmentRegion = en;
			hasScannedForEncodings = 0;
			knownRegions = (
				en,
				Base,
			);
			mainGroup = 33A93A9024700A82008971C8;
			productRefGroup = 33A93A9A24700A82008971C8 /* Products */;
			projectDirPath = "";
			projectRoot = "";
			targets = (
				33A93A9824700A82008971C8 /* TechMon */,
				33A93AAE24700A88008971C8 /* TechMonTests */,
				33A93AB924700A88008971C8 /* TechMonUITests */,
			);
		};
/* End PBXProject section */

/* Begin PBXResourcesBuildPhase section */
		33A93A9724700A82008971C8 /* Resources */ = {
			isa = PBXResourcesBuildPhase;
			buildActionMask = 2147483647;
			files = (
				33A93AF924700B2A008971C8 /* SE_charge.mp3 in Resources */,
				33A93AFA24700B2A008971C8 /* lobby.mp3 in Resources */,
				33A93AEA24700B2A008971C8 /* bgimage.jpg in Resources */,
				33A93AA924700A88008971C8 /* LaunchScreen.storyboard in Resources */,
				33A93AEF24700B2A008971C8 /* monster.png in Resources */,
				33A93AF424700B2A008971C8 /* BGM_battle001.mp3 in Resources */,
				33A93AEC24700B2A008971C8 /* waku.png in Resources */,
				33A93AFC24700B2A008971C8 /* misaki_gothic.ttf in Resources */,
				33A93AF624700B2A008971C8 /* SE_fire.mp3 in Resources */,
				33A93AED24700B2A008971C8 /* gold_button.png in Resources */,
				33A93AF324700B2A008971C8 /* SE_fanfare.mp3 in Resources */,
				33A93AA624700A88008971C8 /* Assets.xcassets in Resources */,
				33A93AEE24700B2A008971C8 /* yusya.png in Resources */,
				33A93AA424700A82008971C8 /* Main.storyboard in Resources */,
				33A93AF724700B2A008971C8 /* SE_attack.mp3 in Resources */,
				33A93AE924700B2A008971C8 /* battlebg.png in Resources */,
				33A93AF824700B2A008971C8 /* SE_gameover.mp3 in Resources */,
				33A93AE824700B2A008971C8 /* lobby.png in Resources */,
			);
			runOnlyForDeploymentPostprocessing = 0;
		};
		33A93AAD24700A88008971C8 /* Resources */ = {
			isa = PBXResourcesBuildPhase;
			buildActionMask = 2147483647;
			files = (
			);
			runOnlyForDeploymentPostprocessing = 0;
		};
		33A93AB824700A88008971C8 /* Resources */ = {
			isa = PBXResourcesBuildPhase;
			buildActionMask = 2147483647;
			files = (
			);
			runOnlyForDeploymentPostprocessing = 0;
		};
/* End PBXResourcesBuildPhase section */

/* Begin PBXSourcesBuildPhase section */
		33A93A9524700A82008971C8 /* Sources */ = {
			isa = PBXSourcesBuildPhase;
			buildActionMask = 2147483647;
			files = (
				33A93B0024700F23008971C8 /* BattleViewController.swift in Sources */,
				33A93AF124700B2A008971C8 /* TechMonManager.swift in Sources */,
				33A93AA124700A82008971C8 /* ViewController.swift in Sources */,
				33A93AF224700B2A008971C8 /* Character.swift in Sources */,
				33A93AFE24700F08008971C8 /* LobbyViewController.swift in Sources */,
				33A93A9D24700A82008971C8 /* AppDelegate.swift in Sources */,
				33A93A9F24700A82008971C8 /* SceneDelegate.swift in Sources */,
			);
			runOnlyForDeploymentPostprocessing = 0;
		};
		33A93AAB24700A88008971C8 /* Sources */ = {
			isa = PBXSourcesBuildPhase;
			buildActionMask = 2147483647;
			files = (
				33A93AB424700A88008971C8 /* TechMonTests.swift in Sources */,
			);
			runOnlyForDeploymentPostprocessing = 0;
		};
		33A93AB624700A88008971C8 /* Sources */ = {
			isa = PBXSourcesBuildPhase;
			buildActionMask = 2147483647;
			files = (
				33A93ABF24700A88008971C8 /* TechMonUITests.swift in Sources */,
			);
			runOnlyForDeploymentPostprocessing = 0;
		};
/* End PBXSourcesBuildPhase section */

/* Begin PBXTargetDependency section */
		33A93AB124700A88008971C8 /* PBXTargetDependency */ = {
			isa = PBXTargetDependency;
			target = 33A93A9824700A82008971C8 /* TechMon */;
			targetProxy = 33A93AB024700A88008971C8 /* PBXContainerItemProxy */;
		};
		33A93ABC24700A88008971C8 /* PBXTargetDependency */ = {
			isa = PBXTargetDependency;
			target = 33A93A9824700A82008971C8 /* TechMon */;
			targetProxy = 33A93ABB24700A88008971C8 /* PBXContainerItemProxy */;
		};
/* End PBXTargetDependency section */

/* Begin PBXVariantGroup section */
		33A93AA224700A82008971C8 /* Main.storyboard */ = {
			isa = PBXVariantGroup;
			children = (
				33A93AA324700A82008971C8 /* Base */,
			);
			name = Main.storyboard;
			sourceTree = "<group>";
		};
		33A93AA724700A88008971C8 /* LaunchScreen.storyboard */ = {
			isa = PBXVariantGroup;
			children = (
				33A93AA824700A88008971C8 /* Base */,
			);
			name = LaunchScreen.storyboard;
			sourceTree = "<group>";
		};
/* End PBXVariantGroup section */

/* Begin XCBuildConfiguration section */
		33A93AC124700A88008971C8 /* Debug */ = {
			isa = XCBuildConfiguration;
			buildSettings = {
				ALWAYS_SEARCH_USER_PATHS = NO;
				CLANG_ANALYZER_NONNULL = YES;
				CLANG_ANALYZER_NUMBER_OBJECT_CONVERSION = YES_AGGRESSIVE;
				CLANG_CXX_LANGUAGE_STANDARD = "gnu++14";
				CLANG_CXX_LIBRARY = "libc++";
				CLANG_ENABLE_MODULES = YES;
				CLANG_ENABLE_OBJC_ARC = YES;
				CLANG_ENABLE_OBJC_WEAK = YES;
				CLANG_WARN_BLOCK_CAPTURE_AUTORELEASING = YES;
				CLANG_WARN_BOOL_CONVERSION = YES;
				CLANG_WARN_COMMA = YES;
				CLANG_WARN_CONSTANT_CONVERSION = YES;
				CLANG_WARN_DEPRECATED_OBJC_IMPLEMENTATIONS = YES;
				CLANG_WARN_DIRECT_OBJC_ISA_USAGE = YES_ERROR;
				CLANG_WARN_DOCUMENTATION_COMMENTS = YES;
				CLANG_WARN_EMPTY_BODY = YES;
				CLANG_WARN_ENUM_CONVERSION = YES;
				CLANG_WARN_INFINITE_RECURSION = YES;
				CLANG_WARN_INT_CONVERSION = YES;
				CLANG_WARN_NON_LITERAL_NULL_CONVERSION = YES;
				CLANG_WARN_OBJC_IMPLICIT_RETAIN_SELF = YES;
				CLANG_WARN_OBJC_LITERAL_CONVERSION = YES;
				CLANG_WARN_OBJC_ROOT_CLASS = YES_ERROR;
				CLANG_WARN_RANGE_LOOP_ANALYSIS = YES;
				CLANG_WARN_STRICT_PROTOTYPES = YES;
				CLANG_WARN_SUSPICIOUS_MOVE = YES;
				CLANG_WARN_UNGUARDED_AVAILABILITY = YES_AGGRESSIVE;
				CLANG_WARN_UNREACHABLE_CODE = YES;
				CLANG_WARN__DUPLICATE_METHOD_MATCH = YES;
				COPY_PHASE_STRIP = NO;
				DEBUG_INFORMATION_FORMAT = dwarf;
				ENABLE_STRICT_OBJC_MSGSEND = YES;
				ENABLE_TESTABILITY = YES;
				GCC_C_LANGUAGE_STANDARD = gnu11;
				GCC_DYNAMIC_NO_PIC = NO;
				GCC_NO_COMMON_BLOCKS = YES;
				GCC_OPTIMIZATION_LEVEL = 0;
				GCC_PREPROCESSOR_DEFINITIONS = (
					"DEBUG=1",
					"$(inherited)",
				);
				GCC_WARN_64_TO_32_BIT_CONVERSION = YES;
				GCC_WARN_ABOUT_RETURN_TYPE = YES_ERROR;
				GCC_WARN_UNDECLARED_SELECTOR = YES;
				GCC_WARN_UNINITIALIZED_AUTOS = YES_AGGRESSIVE;
				GCC_WARN_UNUSED_FUNCTION = YES;
				GCC_WARN_UNUSED_VARIABLE = YES;
				IPHONEOS_DEPLOYMENT_TARGET = 13.4;
				MTL_ENABLE_DEBUG_INFO = INCLUDE_SOURCE;
				MTL_FAST_MATH = YES;
				ONLY_ACTIVE_ARCH = YES;
				SDKROOT = iphoneos;
				SWIFT_ACTIVE_COMPILATION_CONDITIONS = DEBUG;
				SWIFT_OPTIMIZATION_LEVEL = "-Onone";
			};
			name = Debug;
		};
		33A93AC224700A88008971C8 /* Release */ = {
			isa = XCBuildConfiguration;
			buildSettings = {
				ALWAYS_SEARCH_USER_PATHS = NO;
				CLANG_ANALYZER_NONNULL = YES;
				CLANG_ANALYZER_NUMBER_OBJECT_CONVERSION = YES_AGGRESSIVE;
				CLANG_CXX_LANGUAGE_STANDARD = "gnu++14";
				CLANG_CXX_LIBRARY = "libc++";
				CLANG_ENABLE_MODULES = YES;
				CLANG_ENABLE_OBJC_ARC = YES;
				CLANG_ENABLE_OBJC_WEAK = YES;
				CLANG_WARN_BLOCK_CAPTURE_AUTORELEASING = YES;
				CLANG_WARN_BOOL_CONVERSION = YES;
				CLANG_WARN_COMMA = YES;
				CLANG_WARN_CONSTANT_CONVERSION = YES;
				CLANG_WARN_DEPRECATED_OBJC_IMPLEMENTATIONS = YES;
				CLANG_WARN_DIRECT_OBJC_ISA_USAGE = YES_ERROR;
				CLANG_WARN_DOCUMENTATION_COMMENTS = YES;
				CLANG_WARN_EMPTY_BODY = YES;
				CLANG_WARN_ENUM_CONVERSION = YES;
				CLANG_WARN_INFINITE_RECURSION = YES;
				CLANG_WARN_INT_CONVERSION = YES;
				CLANG_WARN_NON_LITERAL_NULL_CONVERSION = YES;
				CLANG_WARN_OBJC_IMPLICIT_RETAIN_SELF = YES;
				CLANG_WARN_OBJC_LITERAL_CONVERSION = YES;
				CLANG_WARN_OBJC_ROOT_CLASS = YES_ERROR;
				CLANG_WARN_RANGE_LOOP_ANALYSIS = YES;
				CLANG_WARN_STRICT_PROTOTYPES = YES;
				CLANG_WARN_SUSPICIOUS_MOVE = YES;
				CLANG_WARN_UNGUARDED_AVAILABILITY = YES_AGGRESSIVE;
				CLANG_WARN_UNREACHABLE_CODE = YES;
				CLANG_WARN__DUPLICATE_METHOD_MATCH = YES;
				COPY_PHASE_STRIP = NO;
				DEBUG_INFORMATION_FORMAT = "dwarf-with-dsym";
				ENABLE_NS_ASSERTIONS = NO;
				ENABLE_STRICT_OBJC_MSGSEND = YES;
				GCC_C_LANGUAGE_STANDARD = gnu11;
				GCC_NO_COMMON_BLOCKS = YES;
				GCC_WARN_64_TO_32_BIT_CONVERSION = YES;
				GCC_WARN_ABOUT_RETURN_TYPE = YES_ERROR;
				GCC_WARN_UNDECLARED_SELECTOR = YES;
				GCC_WARN_UNINITIALIZED_AUTOS = YES_AGGRESSIVE;
				GCC_WARN_UNUSED_FUNCTION = YES;
				GCC_WARN_UNUSED_VARIABLE = YES;
				IPHONEOS_DEPLOYMENT_TARGET = 13.4;
				MTL_ENABLE_DEBUG_INFO = NO;
				MTL_FAST_MATH = YES;
				SDKROOT = iphoneos;
				SWIFT_COMPILATION_MODE = wholemodule;
				SWIFT_OPTIMIZATION_LEVEL = "-O";
				VALIDATE_PRODUCT = YES;
			};
			name = Release;
		};
		33A93AC424700A88008971C8 /* Debug */ = {
			isa = XCBuildConfiguration;
			buildSettings = {
				ASSETCATALOG_COMPILER_APPICON_NAME = AppIcon;
				CODE_SIGN_STYLE = Automatic;
				INFOPLIST_FILE = TechMon/Info.plist;
				LD_RUNPATH_SEARCH_PATHS = (
					"$(inherited)",
					"@executable_path/Frameworks",
				);
				PRODUCT_BUNDLE_IDENTIFIER = com.litech.TechMon;
				PRODUCT_NAME = "$(TARGET_NAME)";
				SWIFT_VERSION = 5.0;
				TARGETED_DEVICE_FAMILY = "1,2";
			};
			name = Debug;
		};
		33A93AC524700A88008971C8 /* Release */ = {
			isa = XCBuildConfiguration;
			buildSettings = {
				ASSETCATALOG_COMPILER_APPICON_NAME = AppIcon;
				CODE_SIGN_STYLE = Automatic;
				INFOPLIST_FILE = TechMon/Info.plist;
				LD_RUNPATH_SEARCH_PATHS = (
					"$(inherited)",
					"@executable_path/Frameworks",
				);
				PRODUCT_BUNDLE_IDENTIFIER = com.litech.TechMon;
				PRODUCT_NAME = "$(TARGET_NAME)";
				SWIFT_VERSION = 5.0;
				TARGETED_DEVICE_FAMILY = "1,2";
			};
			name = Release;
		};
		33A93AC724700A88008971C8 /* Debug */ = {
			isa = XCBuildConfiguration;
			buildSettings = {
				ALWAYS_EMBED_SWIFT_STANDARD_LIBRARIES = YES;
				BUNDLE_LOADER = "$(TEST_HOST)";
				CODE_SIGN_STYLE = Automatic;
				INFOPLIST_FILE = TechMonTests/Info.plist;
				IPHONEOS_DEPLOYMENT_TARGET = 13.4;
				LD_RUNPATH_SEARCH_PATHS = (
					"$(inherited)",
					"@executable_path/Frameworks",
					"@loader_path/Frameworks",
				);
				PRODUCT_BUNDLE_IDENTIFIER = com.litech.TechMonTests;
				PRODUCT_NAME = "$(TARGET_NAME)";
				SWIFT_VERSION = 5.0;
				TARGETED_DEVICE_FAMILY = "1,2";
				TEST_HOST = "$(BUILT_PRODUCTS_DIR)/TechMon.app/TechMon";
			};
			name = Debug;
		};
		33A93AC824700A88008971C8 /* Release */ = {
			isa = XCBuildConfiguration;
			buildSettings = {
				ALWAYS_EMBED_SWIFT_STANDARD_LIBRARIES = YES;
				BUNDLE_LOADER = "$(TEST_HOST)";
				CODE_SIGN_STYLE = Automatic;
				INFOPLIST_FILE = TechMonTests/Info.plist;
				IPHONEOS_DEPLOYMENT_TARGET = 13.4;
				LD_RUNPATH_SEARCH_PATHS = (
					"$(inherited)",
					"@executable_path/Frameworks",
					"@loader_path/Frameworks",
				);
				PRODUCT_BUNDLE_IDENTIFIER = com.litech.TechMonTests;
				PRODUCT_NAME = "$(TARGET_NAME)";
				SWIFT_VERSION = 5.0;
				TARGETED_DEVICE_FAMILY = "1,2";
				TEST_HOST = "$(BUILT_PRODUCTS_DIR)/TechMon.app/TechMon";
			};
			name = Release;
		};
		33A93ACA24700A88008971C8 /* Debug */ = {
			isa = XCBuildConfiguration;
			buildSettings = {
				ALWAYS_EMBED_SWIFT_STANDARD_LIBRARIES = YES;
				CODE_SIGN_STYLE = Automatic;
				INFOPLIST_FILE = TechMonUITests/Info.plist;
				LD_RUNPATH_SEARCH_PATHS = (
					"$(inherited)",
					"@executable_path/Frameworks",
					"@loader_path/Frameworks",
				);
				PRODUCT_BUNDLE_IDENTIFIER = com.litech.TechMonUITests;
				PRODUCT_NAME = "$(TARGET_NAME)";
				SWIFT_VERSION = 5.0;
				TARGETED_DEVICE_FAMILY = "1,2";
				TEST_TARGET_NAME = TechMon;
			};
			name = Debug;
		};
		33A93ACB24700A88008971C8 /* Release */ = {
			isa = XCBuildConfiguration;
			buildSettings = {
				ALWAYS_EMBED_SWIFT_STANDARD_LIBRARIES = YES;
				CODE_SIGN_STYLE = Automatic;
				INFOPLIST_FILE = TechMonUITests/Info.plist;
				LD_RUNPATH_SEARCH_PATHS = (
					"$(inherited)",
					"@executable_path/Frameworks",
					"@loader_path/Frameworks",
				);
				PRODUCT_BUNDLE_IDENTIFIER = com.litech.TechMonUITests;
				PRODUCT_NAME = "$(TARGET_NAME)";
				SWIFT_VERSION = 5.0;
				TARGETED_DEVICE_FAMILY = "1,2";
				TEST_TARGET_NAME = TechMon;
			};
			name = Release;
		};
/* End XCBuildConfiguration section */

/* Begin XCConfigurationList section */
		33A93A9424700A82008971C8 /* Build configuration list for PBXProject "TechMon" */ = {
			isa = XCConfigurationList;
			buildConfigurations = (
				33A93AC124700A88008971C8 /* Debug */,
				33A93AC224700A88008971C8 /* Release */,
			);
			defaultConfigurationIsVisible = 0;
			defaultConfigurationName = Release;
		};
		33A93AC324700A88008971C8 /* Build configuration list for PBXNativeTarget "TechMon" */ = {
			isa = XCConfigurationList;
			buildConfigurations = (
				33A93AC424700A88008971C8 /* Debug */,
				33A93AC524700A88008971C8 /* Release */,
			);
			defaultConfigurationIsVisible = 0;
			defaultConfigurationName = Release;
		};
		33A93AC624700A88008971C8 /* Build configuration list for PBXNativeTarget "TechMonTests" */ = {
			isa = XCConfigurationList;
			buildConfigurations = (
				33A93AC724700A88008971C8 /* Debug */,
				33A93AC824700A88008971C8 /* Release */,
			);
			defaultConfigurationIsVisible = 0;
			defaultConfigurationName = Release;
		};
		33A93AC924700A88008971C8 /* Build configuration list for PBXNativeTarget "TechMonUITests" */ = {
			isa = XCConfigurationList;
			buildConfigurations = (
				33A93ACA24700A88008971C8 /* Debug */,
				33A93ACB24700A88008971C8 /* Release */,
			);
			defaultConfigurationIsVisible = 0;
			defaultConfigurationName = Release;
		};
/* End XCConfigurationList section */
	};
	rootObject = 33A93A9124700A82008971C8 /* Project object */;
}
